
Microsoft Visual Studio Solution File, Format Version 12.00
# Visual Studio Version 17
VisualStudioVersion = 17.2.32519.379
MinimumVisualStudioVersion = 10.0.40219.1
Project("{FAE04EC0-301F-11D3-BF4B-00C04F79EFBC}") = "HR.UI", "HR.UI\HR.UI.csproj", "{B91F35D5-9847-4125-B20C-D0715CA51E6D}"
EndProject
Project("{2150E333-8FDC-42A3-9474-1A3956D46DE8}") = "Solution Items", "Solution Items", "{9F5ADE48-62D2-4A76-8C2E-2B8AF5C81BB5}"
	ProjectSection(SolutionItems) = preProject
		.editorconfig = .editorconfig
		.gitattributes = .gitattributes
		.gitignore = .gitignore
		LICENSE.txt = LICENSE.txt
		README.md = README.md
	EndProjectSection
EndProject
Project("{FAE04EC0-301F-11D3-BF4B-00C04F79EFBC}") = "HR.Domain", "HR.Domain\HR.Domain.csproj", "{051CAE43-F174-4CD7-856A-BA7D870A2A98}"
EndProject
Project("{FAE04EC0-301F-11D3-BF4B-00C04F79EFBC}") = "HR.DAL", "HR.DAL\HR.DAL.csproj", "{D15B9EEF-7300-4EE2-B263-B50D042626CB}"
EndProject
Project("{FAE04EC0-301F-11D3-BF4B-00C04F79EFBC}") = "HR.Application", "HR.Application\HR.Application.csproj", "{11DFDA1B-1F17-4EC7-AE2C-B6079705F81F}"
EndProject
Global
	GlobalSection(SolutionConfigurationPlatforms) = preSolution
		Debug|Any CPU = Debug|Any CPU
		Release|Any CPU = Release|Any CPU
	EndGlobalSection
	GlobalSection(ProjectConfigurationPlatforms) = postSolution
		{B91F35D5-9847-4125-B20C-D0715CA51E6D}.Debug|Any CPU.ActiveCfg = Debug|Any CPU
		{B91F35D5-9847-4125-B20C-D0715CA51E6D}.Debug|Any CPU.Build.0 = Debug|Any CPU
		{B91F35D5-9847-4125-B20C-D0715CA51E6D}.Release|Any CPU.ActiveCfg = Release|Any CPU
		{B91F35D5-9847-4125-B20C-D0715CA51E6D}.Release|Any CPU.Build.0 = Release|Any CPU
		{051CAE43-F174-4CD7-856A-BA7D870A2A98}.Debug|Any CPU.ActiveCfg = Debug|Any CPU
		{051CAE43-F174-4CD7-856A-BA7D870A2A98}.Debug|Any CPU.Build.0 = Debug|Any CPU
		{051CAE43-F174-4CD7-856A-BA7D870A2A98}.Release|Any CPU.ActiveCfg = Release|Any CPU
		{051CAE43-F174-4CD7-856A-BA7D870A2A98}.Release|Any CPU.Build.0 = Release|Any CPU
		{D15B9EEF-7300-4EE2-B263-B50D042626CB}.Debug|Any CPU.ActiveCfg = Debug|Any CPU
		{D15B9EEF-7300-4EE2-B263-B50D042626CB}.Debug|Any CPU.Build.0 = Debug|Any CPU
		{D15B9EEF-7300-4EE2-B263-B50D042626CB}.Release|Any CPU.ActiveCfg = Release|Any CPU
		{D15B9EEF-7300-4EE2-B263-B50D042626CB}.Release|Any CPU.Build.0 = Release|Any CPU
		{11DFDA1B-1F17-4EC7-AE2C-B6079705F81F}.Debug|Any CPU.ActiveCfg = Debug|Any CPU
		{11DFDA1B-1F17-4EC7-AE2C-B6079705F81F}.Debug|Any CPU.Build.0 = Debug|Any CPU
		{11DFDA1B-1F17-4EC7-AE2C-B6079705F81F}.Release|Any CPU.ActiveCfg = Release|Any CPU
		{11DFDA1B-1F17-4EC7-AE2C-B6079705F81F}.Release|Any CPU.Build.0 = Release|Any CPU
	EndGlobalSection
	GlobalSection(SolutionProperties) = preSolution
		HideSolutionNode = FALSE
	EndGlobalSection
	GlobalSection(ExtensibilityGlobals) = postSolution
		SolutionGuid = {DB6B892B-A7D9-4947-9C10-D28047F62E9E}
	EndGlobalSection
EndGlobal
